// !$*UTF8*$!
{
	archiveVersion = 1;
	classes = {
	};
	objectVersion = 56;
	objects = {

/* Begin PBXBuildFile section */
		1A000000000000000000000001 /* SplashScene.swift in Sources */ = {isa = PBXBuildFile; fileRef = 1A000000000000000000000002 /* SplashScene.swift */; };
		1A000000000000000000000003 /* MenuScene.swift in Sources */ = {isa = PBXBuildFile; fileRef = 1A000000000000000000000004 /* MenuScene.swift */; };
		1A000000000000000000000005 /* GameOverScene.swift in Sources */ = {isa = PBXBuildFile; fileRef = 1A000000000000000000000006 /* GameOverScene.swift */; };
		1A000000000000000000000007 /* ButtonNode.swift in Sources */ = {isa = PBXBuildFile; fileRef = 1A000000000000000000000008 /* ButtonNode.swift */; };
		1A000001000000000000001 /* AppDelegate.swift in Sources */ = {isa = PBXBuildFile; fileRef = 1A000002000000000000001 /* AppDelegate.swift */; };
		1A000003000000000000001 /* SceneDelegate.swift in Sources */ = {isa = PBXBuildFile; fileRef = 1A000004000000000000001 /* SceneDelegate.swift */; };
		1A000005000000000000001 /* GameViewController.swift in Sources */ = {isa = PBXBuildFile; fileRef = 1A000006000000000000001 /* GameViewController.swift */; };
		1A000032000000000000001 /* GameManager.swift in Sources */ = {isa = PBXBuildFile; fileRef = 1A000030000000000000001 /* GameManager.swift */; };
		1A000033000000000000001 /* GameState.swift in Sources */ = {isa = PBXBuildFile; fileRef = 1A000031000000000000001 /* GameState.swift */; };
		1A000036000000000000001 /* BackgroundManager.swift in Sources */ = {isa = PBXBuildFile; fileRef = 1A000034000000000000002 /* BackgroundManager.swift */; };
		1A000007000000000000001 /* GameScene.swift in Sources */ = {isa = PBXBuildFile; fileRef = 1A000008000000000000001 /* GameScene.swift */; };
		1A000035000000000000001 /* TrumpNode.swift in Sources */ = {isa = PBXBuildFile; fileRef = 1A000036000000000000001 /* TrumpNode.swift */; };
		1A000037000000000000001 /* TrumpState.swift in Sources */ = {isa = PBXBuildFile; fileRef = 1A000038000000000000001 /* TrumpState.swift */; };
		1A000009000000000000001 /* Main.storyboard in Resources */ = {isa = PBXBuildFile; fileRef = 1A00000A000000000000001 /* Main.storyboard */; };
		1A00000B000000000000001 /* Assets.xcassets in Resources */ = {isa = PBXBuildFile; fileRef = 1A00000C000000000000001 /* Assets.xcassets */; };
		1A00000D000000000000001 /* LaunchScreen.storyboard in Resources */ = {isa = PBXBuildFile; fileRef = 1A00000E000000000000001 /* LaunchScreen.storyboard */; };
		1A00000F000000000000001 /* GameScene.sks in Resources */ = {isa = PBXBuildFile; fileRef = 1A000010000000000000001 /* GameScene.sks */; };
/* End PBXBuildFile section */

/* Begin PBXFileReference section */
		1A000000000000000000000002 /* SplashScene.swift */ = {isa = PBXFileReference; lastKnownFileType = sourcecode.swift; path = SplashScene.swift; sourceTree = "<group>"; };
		1A000000000000000000000004 /* MenuScene.swift */ = {isa = PBXFileReference; lastKnownFileType = sourcecode.swift; path = MenuScene.swift; sourceTree = "<group>"; };
		1A000000000000000000000006 /* GameOverScene.swift */ = {isa = PBXFileReference; lastKnownFileType = sourcecode.swift; path = GameOverScene.swift; sourceTree = "<group>"; };
		1A000000000000000000000008 /* ButtonNode.swift */ = {isa = PBXFileReference; lastKnownFileType = sourcecode.swift; path = ButtonNode.swift; sourceTree = "<group>"; };
		1A000011000000000000001 /* FlappyDon.app */ = {isa = PBXFileReference; explicitFileType = wrapper.application; includeInIndex = 0; path = FlappyDon.app; sourceTree = BUILT_PRODUCTS_DIR; };
		1A000002000000000000001 /* AppDelegate.swift */ = {isa = PBXFileReference; lastKnownFileType = sourcecode.swift; path = AppDelegate.swift; sourceTree = "<group>"; };
		1A000004000000000000001 /* SceneDelegate.swift */ = {isa = PBXFileReference; lastKnownFileType = sourcecode.swift; path = SceneDelegate.swift; sourceTree = "<group>"; };
		1A000006000000000000001 /* GameViewController.swift */ = {isa = PBXFileReference; lastKnownFileType = sourcecode.swift; path = GameViewController.swift; sourceTree = "<group>"; };
		1A000008000000000000001 /* GameScene.swift */ = {isa = PBXFileReference; lastKnownFileType = sourcecode.swift; path = GameScene.swift; sourceTree = "<group>"; };
		1A00000A000000000000001 /* Main.storyboard */ = {isa = PBXFileReference; lastKnownFileType = file.storyboard; path = Main.storyboard; sourceTree = "<group>"; };
		1A00000C000000000000001 /* Assets.xcassets */ = {isa = PBXFileReference; lastKnownFileType = folder.assetcatalog; path = Assets.xcassets; sourceTree = "<group>"; };
		1A00000E000000000000001 /* LaunchScreen.storyboard */ = {isa = PBXFileReference; lastKnownFileType = file.storyboard; path = LaunchScreen.storyboard; sourceTree = "<group>"; };
		1A000010000000000000001 /* GameScene.sks */ = {isa = PBXFileReference; lastKnownFileType = file.sks; path = GameScene.sks; sourceTree = "<group>"; };
		1A000012000000000000001 /* Info.plist */ = {isa = PBXFileReference; lastKnownFileType = text.plist.xml; path = Info.plist; sourceTree = "<group>"; };
		1A000030000000000000001 /* GameManager.swift */ = {isa = PBXFileReference; lastKnownFileType = sourcecode.swift; path = GameManager.swift; sourceTree = "<group>"; };
		1A000031000000000000001 /* GameState.swift */ = {isa = PBXFileReference; lastKnownFileType = sourcecode.swift; path = GameState.swift; sourceTree = "<group>"; };
		1A000036000000000000001 /* TrumpNode.swift */ = {isa = PBXFileReference; lastKnownFileType = sourcecode.swift; path = TrumpNode.swift; sourceTree = "<group>"; };
		1A000038000000000000001 /* TrumpState.swift */ = {isa = PBXFileReference; lastKnownFileType = sourcecode.swift; path = TrumpState.swift; sourceTree = "<group>"; };
		1A000034000000000000002 /* BackgroundManager.swift */ = {isa = PBXFileReference; lastKnownFileType = sourcecode.swift; path = BackgroundManager.swift; sourceTree = "<group>"; };
/* End PBXFileReference section */

/* Begin PBXFrameworksBuildPhase section */
		1A000013000000000000001 /* Frameworks */ = {
			isa = PBXFrameworksBuildPhase;
			buildActionMask = 2147483647;
			files = (
			);
			runOnlyForDeploymentPostprocessing = 0;
		};
/* End PBXFrameworksBuildPhase section */

/* Begin PBXGroup section */
		1A000014000000000000001 = {
			isa = PBXGroup;
			children = (
				1A000015000000000000001 /* FlappyDon */,
				1A000016000000000000001 /* Products */,
			);
			sourceTree = "<group>";
		};
		1A000015000000000000001 /* FlappyDon */ = {
			isa = PBXGroup;
			children = (
				1A000002000000000000001 /* AppDelegate.swift */,
				1A000004000000000000001 /* SceneDelegate.swift */,
				1A000012000000000000001 /* Info.plist */,
				1A000034000000000000001 /* Game */,
				1A000017000000000000001 /* Scenes */,
				1A000018000000000000001 /* Nodes */,
				1A000019000000000000001 /* Managers */,
				1A00001A000000000000001 /* UI */,
				1A00001B000000000000001 /* Resources */,
				1A00001C000000000000001 /* Utils */,
				1A00001D000000000000001 /* Models */,
			);
			path = FlappyDon;
			sourceTree = "<group>";
		};
		1A000016000000000000001 /* Products */ = {
			isa = PBXGroup;
			children = (
				1A000011000000000000001 /* FlappyDon.app */,
			);
			name = Products;
			sourceTree = "<group>";
		};
		1A000034000000000000001 /* Game */ = {
			isa = PBXGroup;
			children = (
				1A000030000000000000001 /* GameManager.swift */,
				1A000031000000000000001 /* GameState.swift */,
				1A000034000000000000002 /* BackgroundManager.swift */,
			);
			path = Game;
			sourceTree = "<group>";
		};
		1A000017000000000000001 /* Scenes */ = {
			isa = PBXGroup;
			children = (
				1A000008000000000000001 /* GameScene.swift */,
				1A000010000000000000001 /* GameScene.sks */,				1A000000000000000000000002 /* SplashScene.swift */,
				1A000000000000000000000004 /* MenuScene.swift */,
				1A000000000000000000000006 /* GameOverScene.swift */,

			);
			path = Scenes;
			sourceTree = "<group>";
		};
		1A000018000000000000001 /* Nodes */ = {
			isa = PBXGroup;
			children = (
				1A000036000000000000001 /* TrumpNode.swift */,
				1A000038000000000000001 /* TrumpState.swift */,
			);
			path = Nodes;
			sourceTree = "<group>";
		};
		1A000019000000000000001 /* Managers */ = {
			isa = PBXGroup;
			children = (
			);
			path = Managers;
			sourceTree = "<group>";
		};
		1A00001A000000000000001 /* UI */ = {
			isa = PBXGroup;
			children = (
				1A000006000000000000001 /* GameViewController.swift */,
				1A00000A000000000000001 /* Main.storyboard */,
				1A00000E000000000000001 /* LaunchScreen.storyboard */,				1A000000000000000000000008 /* ButtonNode.swift */,

			);
			path = UI;
			sourceTree = "<group>";
		};
		1A00001B000000000000001 /* Resources */ = {
			isa = PBXGroup;
			children = (
				1A00000C000000000000001 /* Assets.xcassets */,
			);
			path = Resources;
			sourceTree = "<group>";
		};
		1A00001C000000000000001 /* Utils */ = {
			isa = PBXGroup;
			children = (
			);
			path = Utils;
			sourceTree = "<group>";
		};
		1A00001D000000000000001 /* Models */ = {
			isa = PBXGroup;
			children = (
			);
			path = Models;
			sourceTree = "<group>";
		};
/* End PBXGroup section */

/* Begin PBXNativeTarget section */
		1A00001E000000000000001 /* FlappyDon */ = {
			isa = PBXNativeTarget;
			buildConfigurationList = 1A00001F000000000000001 /* Build configuration list for PBXNativeTarget "FlappyDon" */;
			buildPhases = (
				1A000020000000000000001 /* Sources */,
				1A000013000000000000001 /* Frameworks */,
				1A000021000000000000001 /* Resources */,
			);
			buildRules = (
			);
			dependencies = (
			);
			name = FlappyDon;
			productName = FlappyDon;
			productReference = 1A000011000000000000001 /* FlappyDon.app */;
			productType = "com.apple.product-type.application";
		};
/* End PBXNativeTarget section */

/* Begin PBXProject section */
		1A000022000000000000001 /* Project object */ = {
			isa = PBXProject;
			attributes = {
				BuildIndependentTargetsInParallel = 1;
				LastSwiftUpdateCheck = 1500;
				LastUpgradeCheck = 1500;
				TargetAttributes = {
					1A00001E000000000000001 = {
						CreatedOnToolsVersion = 15.0;
					};
				};
			};
			buildConfigurationList = 1A000023000000000000001 /* Build configuration list for PBXProject "FlappyDon" */;
			compatibilityVersion = "Xcode 14.0";
			developmentRegion = en;
			hasScannedForEncodings = 0;
			knownRegions = (
				en,
				Base,
			);
			mainGroup = 1A000014000000000000001;
			productRefGroup = 1A000016000000000000001 /* Products */;
			projectDirPath = "";
			projectRoot = "";
			targets = (
				1A00001E000000000000001 /* FlappyDon */,
			);
		};
/* End PBXProject section */

/* Begin PBXResourcesBuildPhase section */
		1A000021000000000000001 /* Resources */ = {
			isa = PBXResourcesBuildPhase;
			buildActionMask = 2147483647;
			files = (
				1A00000D000000000000001 /* LaunchScreen.storyboard in Resources */,
				1A00000B000000000000001 /* Assets.xcassets in Resources */,
				1A000009000000000000001 /* Main.storyboard in Resources */,
				1A00000F000000000000001 /* GameScene.sks in Resources */,
			);
			runOnlyForDeploymentPostprocessing = 0;
		};
/* End PBXResourcesBuildPhase section */

/* Begin PBXSourcesBuildPhase section */
		1A000020000000000000001 /* Sources */ = {
			isa = PBXSourcesBuildPhase;
			buildActionMask = 2147483647;
			files = (
				1A000000000000000000000001 /* SplashScene.swift in Sources */,
				1A000000000000000000000003 /* MenuScene.swift in Sources */,
				1A000000000000000000000005 /* GameOverScene.swift in Sources */,
				1A000000000000000000000007 /* ButtonNode.swift in Sources */,
				1A000007000000000000001 /* GameScene.swift in Sources */,
				1A000005000000000000001 /* GameViewController.swift in Sources */,
				1A000032000000000000001 /* GameManager.swift in Sources */,
				1A000033000000000000001 /* GameState.swift in Sources */,
				1A000035000000000000001 /* TrumpNode.swift in Sources */,
				1A000037000000000000001 /* TrumpState.swift in Sources */,
				1A000036000000000000001 /* BackgroundManager.swift in Sources */,
				1A000001000000000000001 /* AppDelegate.swift in Sources */,
				1A000003000000000000001 /* SceneDelegate.swift in Sources */,
			);
			runOnlyForDeploymentPostprocessing = 0;
		};
/* End PBXSourcesBuildPhase section */

/* Begin XCBuildConfiguration section */
		1A000024000000000000001 /* Debug */ = {
			isa = XCBuildConfiguration;
			buildSettings = {
				ALWAYS_SEARCH_USER_PATHS = NO;
				ASSETCATALOG_COMPILER_GENERATE_SWIFT_ASSET_SYMBOL_EXTENSIONS = YES;
				CLANG_ANALYZER_NONNULL = YES;
				CLANG_ANALYZER_NUMBER_OBJECT_CONVERSION = YES_AGGRESSIVE;
				CLANG_CXX_LANGUAGE_STANDARD = "gnu++20";
				CLANG_ENABLE_MODULES = YES;
				CLANG_ENABLE_OBJC_ARC = YES;
				CLANG_ENABLE_OBJC_WEAK = YES;
				CLANG_WARN_BLOCK_CAPTURE_AUTORELEASING = YES;
				CLANG_WARN_BOOL_CONVERSION = YES;
				CLANG_WARN_COMMA = YES;
				CLANG_WARN_CONSTANT_CONVERSION = YES;
				CLANG_WARN_DEPRECATED_OBJC_IMPLEMENTATIONS = YES;
				CLANG_WARN_DIRECT_OBJC_ISA_USAGE = YES_ERROR;
				CLANG_WARN_DOCUMENTATION_COMMENTS = YES;
				CLANG_WARN_EMPTY_BODY = YES;
				CLANG_WARN_ENUM_CONVERSION = YES;
				CLANG_WARN_INFINITE_RECURSION = YES;
				CLANG_WARN_INT_CONVERSION = YES;
				CLANG_WARN_NON_LITERAL_NULL_CONVERSION = YES;
				CLANG_WARN_OBJC_IMPLICIT_RETAIN_SELF = YES;
				CLANG_WARN_OBJC_LITERAL_CONVERSION = YES;
				CLANG_WARN_OBJC_ROOT_CLASS = YES_ERROR;
				CLANG_WARN_QUOTED_INCLUDE_IN_FRAMEWORK_HEADER = YES;
				CLANG_WARN_RANGE_LOOP_ANALYSIS = YES;
				CLANG_WARN_STRICT_PROTOTYPES = YES;
				CLANG_WARN_SUSPICIOUS_MOVE = YES;
				CLANG_WARN_UNGUARDED_AVAILABILITY = YES_AGGRESSIVE;
				CLANG_WARN_UNREACHABLE_CODE = YES;
				CLANG_WARN__DUPLICATE_METHOD_MATCH = YES;
				COPY_PHASE_STRIP = NO;
				DEBUG_INFORMATION_FORMAT = dwarf;
				ENABLE_STRICT_OBJC_MSGSEND = YES;
				ENABLE_TESTABILITY = YES;
				ENABLE_USER_SCRIPT_SANDBOXING = YES;
				GCC_C_LANGUAGE_STANDARD = gnu17;
				GCC_DYNAMIC_NO_PIC = NO;
				GCC_NO_COMMON_BLOCKS = YES;
				GCC_OPTIMIZATION_LEVEL = 0;
				GCC_PREPROCESSOR_DEFINITIONS = (
					"DEBUG=1",
					"$(inherited)",
				);
				GCC_WARN_64_TO_32_BIT_CONVERSION = YES;
				GCC_WARN_ABOUT_RETURN_TYPE = YES_ERROR;
				GCC_WARN_UNDECLARED_SELECTOR = YES;
				GCC_WARN_UNINITIALIZED_AUTOS = YES_AGGRESSIVE;
				GCC_WARN_UNUSED_FUNCTION = YES;
				GCC_WARN_UNUSED_VARIABLE = YES;
				IPHONEOS_DEPLOYMENT_TARGET = 14.0;
				LOCALIZATION_PREFERS_STRING_CATALOGS = YES;
				MTL_ENABLE_DEBUG_INFO = INCLUDE_SOURCE;
				MTL_FAST_MATH = YES;
				ONLY_ACTIVE_ARCH = YES;
				SDKROOT = iphoneos;
				SWIFT_ACTIVE_COMPILATION_CONDITIONS = "DEBUG $(inherited)";
				SWIFT_OPTIMIZATION_LEVEL = "-Onone";
			};
			name = Debug;
		};
		1A000025000000000000001 /* Release */ = {
			isa = XCBuildConfiguration;
			buildSettings = {
				ALWAYS_SEARCH_USER_PATHS = NO;
				ASSETCATALOG_COMPILER_GENERATE_SWIFT_ASSET_SYMBOL_EXTENSIONS = YES;
				CLANG_ANALYZER_NONNULL = YES;
				CLANG_ANALYZER_NUMBER_OBJECT_CONVERSION = YES_AGGRESSIVE;
				CLANG_CXX_LANGUAGE_STANDARD = "gnu++20";
				CLANG_ENABLE_MODULES = YES;
				CLANG_ENABLE_OBJC_ARC = YES;
				CLANG_ENABLE_OBJC_WEAK = YES;
				CLANG_WARN_BLOCK_CAPTURE_AUTORELEASING = YES;
				CLANG_WARN_BOOL_CONVERSION = YES;
				CLANG_WARN_COMMA = YES;
				CLANG_WARN_CONSTANT_CONVERSION = YES;
				CLANG_WARN_DEPRECATED_OBJC_IMPLEMENTATIONS = YES;
				CLANG_WARN_DIRECT_OBJC_ISA_USAGE = YES_ERROR;
				CLANG_WARN_DOCUMENTATION_COMMENTS = YES;
				CLANG_WARN_EMPTY_BODY = YES;
				CLANG_WARN_ENUM_CONVERSION = YES;
				CLANG_WARN_INFINITE_RECURSION = YES;
				CLANG_WARN_INT_CONVERSION = YES;
				CLANG_WARN_NON_LITERAL_NULL_CONVERSION = YES;
				CLANG_WARN_OBJC_IMPLICIT_RETAIN_SELF = YES;
				CLANG_WARN_OBJC_LITERAL_CONVERSION = YES;
				CLANG_WARN_OBJC_ROOT_CLASS = YES_ERROR;
				CLANG_WARN_QUOTED_INCLUDE_IN_FRAMEWORK_HEADER = YES;
				CLANG_WARN_RANGE_LOOP_ANALYSIS = YES;
				CLANG_WARN_STRICT_PROTOTYPES = YES;
				CLANG_WARN_SUSPICIOUS_MOVE = YES;
				CLANG_WARN_UNGUARDED_AVAILABILITY = YES_AGGRESSIVE;
				CLANG_WARN_UNREACHABLE_CODE = YES;
				CLANG_WARN__DUPLICATE_METHOD_MATCH = YES;
				COPY_PHASE_STRIP = NO;
				DEBUG_INFORMATION_FORMAT = "dwarf-with-dsym";
				ENABLE_NS_ASSERTIONS = NO;
				ENABLE_STRICT_OBJC_MSGSEND = YES;
				ENABLE_USER_SCRIPT_SANDBOXING = YES;
				GCC_C_LANGUAGE_STANDARD = gnu17;
				GCC_NO_COMMON_BLOCKS = YES;
				GCC_WARN_64_TO_32_BIT_CONVERSION = YES;
				GCC_WARN_ABOUT_RETURN_TYPE = YES_ERROR;
				GCC_WARN_UNDECLARED_SELECTOR = YES;
				GCC_WARN_UNINITIALIZED_AUTOS = YES_AGGRESSIVE;
				GCC_WARN_UNUSED_FUNCTION = YES;
				GCC_WARN_UNUSED_VARIABLE = YES;
				IPHONEOS_DEPLOYMENT_TARGET = 14.0;
				LOCALIZATION_PREFERS_STRING_CATALOGS = YES;
				MTL_ENABLE_DEBUG_INFO = NO;
				MTL_FAST_MATH = YES;
				SDKROOT = iphoneos;
				SWIFT_COMPILATION_MODE = wholemodule;
				VALIDATE_PRODUCT = YES;
			};
			name = Release;
		};
		1A000026000000000000001 /* Debug */ = {
			isa = XCBuildConfiguration;
			buildSettings = {
				ASSETCATALOG_COMPILER_APPICON_NAME = AppIcon;
				ASSETCATALOG_COMPILER_GLOBAL_ACCENT_COLOR_NAME = AccentColor;
				CODE_SIGN_STYLE = Automatic;
				CURRENT_PROJECT_VERSION = 1;
				DEVELOPMENT_TEAM = "";
				GENERATE_INFOPLIST_FILE = NO;
				INFOPLIST_FILE = FlappyDon/Info.plist;
				INFOPLIST_KEY_UIApplicationSupportsIndirectInputEvents = YES;
				INFOPLIST_KEY_UILaunchStoryboardName = LaunchScreen;
				INFOPLIST_KEY_UIMainStoryboardFile = Main;
				INFOPLIST_KEY_UIStatusBarHidden = YES;
				INFOPLIST_KEY_UISupportedInterfaceOrientations = UIInterfaceOrientationPortrait;
				INFOPLIST_KEY_UISupportedInterfaceOrientations_iPad = "UIInterfaceOrientationPortrait UIInterfaceOrientationPortraitUpsideDown";
				LD_RUNPATH_SEARCH_PATHS = (
					"$(inherited)",
					"@executable_path/Frameworks",
				);
				MARKETING_VERSION = 1.0;
				PRODUCT_BUNDLE_IDENTIFIER = com.flappydon.game;
				PRODUCT_NAME = "$(TARGET_NAME)";
				SWIFT_EMIT_LOC_STRINGS = YES;
				SWIFT_VERSION = 5.0;
				TARGETED_DEVICE_FAMILY = "1,2";
			};
			name = Debug;
		};
		1A000027000000000000001 /* Release */ = {
			isa = XCBuildConfiguration;
			buildSettings = {
				ASSETCATALOG_COMPILER_APPICON_NAME = AppIcon;
				ASSETCATALOG_COMPILER_GLOBAL_ACCENT_COLOR_NAME = AccentColor;
				CODE_SIGN_STYLE = Automatic;
				CURRENT_PROJECT_VERSION = 1;
				DEVELOPMENT_TEAM = "";
				GENERATE_INFOPLIST_FILE = NO;
				INFOPLIST_FILE = FlappyDon/Info.plist;
				INFOPLIST_KEY_UIApplicationSupportsIndirectInputEvents = YES;
				INFOPLIST_KEY_UILaunchStoryboardName = LaunchScreen;
				INFOPLIST_KEY_UIMainStoryboardFile = Main;
				INFOPLIST_KEY_UIStatusBarHidden = YES;
				INFOPLIST_KEY_UISupportedInterfaceOrientations = UIInterfaceOrientationPortrait;
				INFOPLIST_KEY_UISupportedInterfaceOrientations_iPad = "UIInterfaceOrientationPortrait UIInterfaceOrientationPortraitUpsideDown";
				LD_RUNPATH_SEARCH_PATHS = (
					"$(inherited)",
					"@executable_path/Frameworks",
				);
				MARKETING_VERSION = 1.0;
				PRODUCT_BUNDLE_IDENTIFIER = com.flappydon.game;
				PRODUCT_NAME = "$(TARGET_NAME)";
				SWIFT_EMIT_LOC_STRINGS = YES;
				SWIFT_VERSION = 5.0;
				TARGETED_DEVICE_FAMILY = "1,2";
			};
			name = Release;
		};
/* End XCBuildConfiguration section */

/* Begin XCConfigurationList section */
		1A00001F000000000000001 /* Build configuration list for PBXNativeTarget "FlappyDon" */ = {
			isa = XCConfigurationList;
			buildConfigurations = (
				1A000026000000000000001 /* Debug */,
				1A000027000000000000001 /* Release */,
			);
			defaultConfigurationIsVisible = 0;
			defaultConfigurationName = Release;
		};
		1A000023000000000000001 /* Build configuration list for PBXProject "FlappyDon" */ = {
			isa = XCConfigurationList;
			buildConfigurations = (
				1A000024000000000000001 /* Debug */,
				1A000025000000000000001 /* Release */,
			);
			defaultConfigurationIsVisible = 0;
			defaultConfigurationName = Release;
		};
/* End XCConfigurationList section */
	};
	rootObject = 1A000022000000000000001 /* Project object */;
}
